
Microsoft Visual Studio Solution File, Format Version 12.00
# Visual Studio 15
VisualStudioVersion = 15.0.27130.2036
MinimumVisualStudioVersion = 10.0.40219.1
Project("{FAE04EC0-301F-11D3-BF4B-00C04F79EFBC}") = "CopyPaste", "CopyPaste\CopyPaste.csproj", "{61AB744C-D931-4430-A935-76CF4CB71C69}"
EndProject
Global
	GlobalSection(SolutionConfigurationPlatforms) = preSolution
		Debug|Any CPU = Debug|Any CPU
		Release|Any CPU = Release|Any CPU
	EndGlobalSection
	GlobalSection(ProjectConfigurationPlatforms) = postSolution
		{61AB744C-D931-4430-A935-76CF4CB71C69}.Debug|Any CPU.ActiveCfg = Debug|Any CPU
		{61AB744C-D931-4430-A935-76CF4CB71C69}.Debug|Any CPU.Build.0 = Debug|Any CPU
		{61AB744C-D931-4430-A935-76CF4CB71C69}.Release|Any CPU.ActiveCfg = Release|Any CPU
		{61AB744C-D931-4430-A935-76CF4CB71C69}.Release|Any CPU.Build.0 = Release|Any CPU
	EndGlobalSection
	GlobalSection(SolutionProperties) = preSolution
		HideSolutionNode = FALSE
	EndGlobalSection
	GlobalSection(ExtensibilityGlobals) = postSolution
		SolutionGuid = {DCAAC483-A970-411D-9432-9036A4477923}
	EndGlobalSection
EndGlobal
